
Microsoft Visual Studio Solution File, Format Version 12.00
# Visual Studio 15
VisualStudioVersion = 15.0.27703.2042
MinimumVisualStudioVersion = 10.0.40219.1
Project("{FAE04EC0-301F-11D3-BF4B-00C04F79EFBC}") = "SEWConverter", "SEWConverter\SEWConverter.csproj", "{8AEF9305-CD36-4D61-B214-C8AD62887D8A}"
EndProject
Global
	GlobalSection(SolutionConfigurationPlatforms) = preSolution
		Debug|Any CPU = Debug|Any CPU
		Release|Any CPU = Release|Any CPU
	EndGlobalSection
	GlobalSection(ProjectConfigurationPlatforms) = postSolution
		{8AEF9305-CD36-4D61-B214-C8AD62887D8A}.Debug|Any CPU.ActiveCfg = Debug|Any CPU
		{8AEF9305-CD36-4D61-B214-C8AD62887D8A}.Debug|Any CPU.Build.0 = Debug|Any CPU
		{8AEF9305-CD36-4D61-B214-C8AD62887D8A}.Release|Any CPU.ActiveCfg = Release|Any CPU
		{8AEF9305-CD36-4D61-B214-C8AD62887D8A}.Release|Any CPU.Build.0 = Release|Any CPU
	EndGlobalSection
	GlobalSection(SolutionProperties) = preSolution
		HideSolutionNode = FALSE
	EndGlobalSection
	GlobalSection(ExtensibilityGlobals) = postSolution
		SolutionGuid = {B0C30F4A-2925-4715-990D-A9AEFA9FE494}
	EndGlobalSection
EndGlobal
